
Microsoft Visual Studio Solution File, Format Version 12.00
# Visual Studio Version 16
VisualStudioVersion = 16.0.31605.320
MinimumVisualStudioVersion = 10.0.40219.1
Project("{9A19103F-16F7-4668-BE54-9A1E7A4F7556}") = "shiv_test_bot", "shiv_test_bot\shiv_test_bot.csproj", "{743D05BC-9645-46D7-BFA1-F0AD422815B5}"
EndProject
Global
	GlobalSection(SolutionConfigurationPlatforms) = preSolution
		Debug|Any CPU = Debug|Any CPU
		Release|Any CPU = Release|Any CPU
	EndGlobalSection
	GlobalSection(ProjectConfigurationPlatforms) = postSolution
		{743D05BC-9645-46D7-BFA1-F0AD422815B5}.Debug|Any CPU.ActiveCfg = Debug|Any CPU
		{743D05BC-9645-46D7-BFA1-F0AD422815B5}.Debug|Any CPU.Build.0 = Debug|Any CPU
		{743D05BC-9645-46D7-BFA1-F0AD422815B5}.Release|Any CPU.ActiveCfg = Release|Any CPU
		{743D05BC-9645-46D7-BFA1-F0AD422815B5}.Release|Any CPU.Build.0 = Release|Any CPU
	EndGlobalSection
	GlobalSection(SolutionProperties) = preSolution
		HideSolutionNode = FALSE
	EndGlobalSection
	GlobalSection(ExtensibilityGlobals) = postSolution
		SolutionGuid = {B1EF7E12-CBB2-4559-BC00-10E1E8685771}
	EndGlobalSection
EndGlobal
